PODS:
  - PureLayout (3.1.2)
  - XMLDictionary (1.4.1)

DEPENDENCIES:
  - PureLayout (~> 3.1.2)
  - XMLDictionary (~> 1.4.1)

SPEC REPOS:
  https://github.com/cocoapods/specs.git:
    - PureLayout
    - XMLDictionary

SPEC CHECKSUMS:
  PureLayout: 4634d0b61e3b5021166e8ec7c18e9e0ca0720c8b
  XMLDictionary: fa07b6ff422b3a91d47a5de9bc82e3fc04fbd167

PODFILE CHECKSUM: 30c2c6ce5980a4688e282b0bcb1b4f5158372cd5

COCOAPODS: 1.5.3
